
Microsoft Visual Studio Solution File, Format Version 12.00
# Visual Studio 15
VisualStudioVersion = 15.0.27004.2010
MinimumVisualStudioVersion = 10.0.40219.1
Project("{2150E333-8FDC-42A3-9474-1A3956D46DE8}") = "SolutionItems", "SolutionItems", "{788185DD-7404-47DF-AFF3-698298A6F934}"
	ProjectSection(SolutionItems) = preProject
		Directory.Build.props = src\Directory.Build.props
		StyleCop-Tests.ruleset = src\StyleCop-Tests.ruleset
		StyleCop.ruleset = src\StyleCop.ruleset
		version.props = src\version.props
	EndProjectSection
EndProject
Project("{2150E333-8FDC-42A3-9474-1A3956D46DE8}") = "psake", "psake", "{90949B3E-8AD7-4771-856E-47D86A5FAD33}"
	ProjectSection(SolutionItems) = preProject
		..\init-psake.ps1 = ..\init-psake.ps1
		..\psakefile.ps1 = ..\psakefile.ps1
	EndProjectSection
EndProject
Project("{9A19103F-16F7-4668-BE54-9A1E7A4F7556}") = "PPWCode.Vernacular.NHibernate.III", "src\III\PPWCode.Vernacular.NHibernate.III.csproj", "{83256CEB-BA1A-4614-9ACA-653049FFBDAC}"
EndProject
Project("{9A19103F-16F7-4668-BE54-9A1E7A4F7556}") = "PPWCode.Vernacular.NHibernate.III.Tests", "src\III.Tests\PPWCode.Vernacular.NHibernate.III.Tests.csproj", "{753CD3CA-A0A7-4340-A492-580942B74E83}"
EndProject
Project("{9A19103F-16F7-4668-BE54-9A1E7A4F7556}") = "PPWCode.Vernacular.NHibernate.III.Test", "src\III.Test\PPWCode.Vernacular.NHibernate.III.Test.csproj", "{BD66B970-0474-468D-A95B-C42DDAE75717}"
EndProject
Project("{9A19103F-16F7-4668-BE54-9A1E7A4F7556}") = "PPWCode.Vernacular.NHibernate.III.SqlServer", "src\III.SqlServer\PPWCode.Vernacular.NHibernate.III.SqlServer.csproj", "{0A823DCA-06DD-4795-BA11-32BEC3AD0C4E}"
EndProject
Project("{9A19103F-16F7-4668-BE54-9A1E7A4F7556}") = "PPWCode.Vernacular.NHibernate.III.PostgreSQL", "src\III.PostgreSQL\PPWCode.Vernacular.NHibernate.III.PostgreSQL.csproj", "{56923C60-644C-48F1-9B53-295840E80665}"
EndProject
Project("{9A19103F-16F7-4668-BE54-9A1E7A4F7556}") = "PPWCode.Vernacular.NHibernate.III.CastleWindsor", "src\III.CastleWindsor\PPWCode.Vernacular.NHibernate.III.CastleWindsor.csproj", "{C3704071-18D7-488C-9EF7-127E7B874EA9}"
EndProject
Project("{9A19103F-16F7-4668-BE54-9A1E7A4F7556}") = "PPWCode.Vernacular.NHibernate.III.Firebird", "src\III.Firebird\PPWCode.Vernacular.NHibernate.III.Firebird.csproj", "{9A28EE76-6342-46CC-9E70-23E377C866DE}"
EndProject
Project("{2150E333-8FDC-42A3-9474-1A3956D46DE8}") = "StyleCop", "StyleCop", "{D694C67A-338F-4C74-A483-AC30CBD44574}"
ProjectSection(SolutionItems) = preProject
	src\StyleCop.ruleset = src\StyleCop.ruleset
	src\StyleCop-Tests.ruleset = src\StyleCop-Tests.ruleset
EndProjectSection
EndProject
Project("{2150E333-8FDC-42A3-9474-1A3956D46DE8}") = "Package", "Package", "{3AEF4753-C796-470B-865E-50A07A308F52}"
ProjectSection(SolutionItems) = preProject
	LICENSE = LICENSE
	NOTICE = NOTICE
	README.md = README.md
	assets\ppwcode_logo.jpg = assets\ppwcode_logo.jpg
EndProjectSection
EndProject
Global
	GlobalSection(SolutionConfigurationPlatforms) = preSolution
		Debug|Any CPU = Debug|Any CPU
		Release|Any CPU = Release|Any CPU
	EndGlobalSection
	GlobalSection(ProjectConfigurationPlatforms) = postSolution
		{83256CEB-BA1A-4614-9ACA-653049FFBDAC}.Debug|Any CPU.ActiveCfg = Debug|Any CPU
		{83256CEB-BA1A-4614-9ACA-653049FFBDAC}.Debug|Any CPU.Build.0 = Debug|Any CPU
		{83256CEB-BA1A-4614-9ACA-653049FFBDAC}.Release|Any CPU.ActiveCfg = Release|Any CPU
		{83256CEB-BA1A-4614-9ACA-653049FFBDAC}.Release|Any CPU.Build.0 = Release|Any CPU
		{753CD3CA-A0A7-4340-A492-580942B74E83}.Debug|Any CPU.ActiveCfg = Debug|Any CPU
		{753CD3CA-A0A7-4340-A492-580942B74E83}.Debug|Any CPU.Build.0 = Debug|Any CPU
		{753CD3CA-A0A7-4340-A492-580942B74E83}.Release|Any CPU.ActiveCfg = Release|Any CPU
		{753CD3CA-A0A7-4340-A492-580942B74E83}.Release|Any CPU.Build.0 = Release|Any CPU
		{BD66B970-0474-468D-A95B-C42DDAE75717}.Debug|Any CPU.ActiveCfg = Debug|Any CPU
		{BD66B970-0474-468D-A95B-C42DDAE75717}.Debug|Any CPU.Build.0 = Debug|Any CPU
		{BD66B970-0474-468D-A95B-C42DDAE75717}.Release|Any CPU.ActiveCfg = Release|Any CPU
		{BD66B970-0474-468D-A95B-C42DDAE75717}.Release|Any CPU.Build.0 = Release|Any CPU
		{0A823DCA-06DD-4795-BA11-32BEC3AD0C4E}.Debug|Any CPU.ActiveCfg = Debug|Any CPU
		{0A823DCA-06DD-4795-BA11-32BEC3AD0C4E}.Debug|Any CPU.Build.0 = Debug|Any CPU
		{0A823DCA-06DD-4795-BA11-32BEC3AD0C4E}.Release|Any CPU.ActiveCfg = Release|Any CPU
		{0A823DCA-06DD-4795-BA11-32BEC3AD0C4E}.Release|Any CPU.Build.0 = Release|Any CPU
		{56923C60-644C-48F1-9B53-295840E80665}.Debug|Any CPU.ActiveCfg = Debug|Any CPU
		{56923C60-644C-48F1-9B53-295840E80665}.Debug|Any CPU.Build.0 = Debug|Any CPU
		{56923C60-644C-48F1-9B53-295840E80665}.Release|Any CPU.ActiveCfg = Release|Any CPU
		{56923C60-644C-48F1-9B53-295840E80665}.Release|Any CPU.Build.0 = Release|Any CPU
		{C3704071-18D7-488C-9EF7-127E7B874EA9}.Debug|Any CPU.ActiveCfg = Debug|Any CPU
		{C3704071-18D7-488C-9EF7-127E7B874EA9}.Debug|Any CPU.Build.0 = Debug|Any CPU
		{C3704071-18D7-488C-9EF7-127E7B874EA9}.Release|Any CPU.ActiveCfg = Release|Any CPU
		{C3704071-18D7-488C-9EF7-127E7B874EA9}.Release|Any CPU.Build.0 = Release|Any CPU
		{9A28EE76-6342-46CC-9E70-23E377C866DE}.Debug|Any CPU.ActiveCfg = Debug|Any CPU
		{9A28EE76-6342-46CC-9E70-23E377C866DE}.Debug|Any CPU.Build.0 = Debug|Any CPU
		{9A28EE76-6342-46CC-9E70-23E377C866DE}.Release|Any CPU.ActiveCfg = Release|Any CPU
		{9A28EE76-6342-46CC-9E70-23E377C866DE}.Release|Any CPU.Build.0 = Release|Any CPU
	EndGlobalSection
	GlobalSection(SolutionProperties) = preSolution
		HideSolutionNode = FALSE
	EndGlobalSection
	GlobalSection(ExtensibilityGlobals) = postSolution
		SolutionGuid = {6F5AABCA-BE6C-4619-9C2D-621246A9E016}
	EndGlobalSection
EndGlobal
